Microsoft Visual Studio Solution File, Format Version 12.00
# Visual Studio Version 17
VisualStudioVersion = 17.5.2.0
MinimumVisualStudioVersion = 10.0.40219.1
Project("{FAE04EC0-301F-11D3-BF4B-00C04F79EFBC}") = "ComponentAnalyzer", "ComponentAnalyzer.csproj", "{DCBFA5A9-93EA-CF77-D8FE-16D94DE5DA1A}"
EndProject
Global
	GlobalSection(SolutionConfigurationPlatforms) = preSolution
		Debug|Any CPU = Debug|Any CPU
		Release|Any CPU = Release|Any CPU
	EndGlobalSection
	GlobalSection(ProjectConfigurationPlatforms) = postSolution
		{DCBFA5A9-93EA-CF77-D8FE-16D94DE5DA1A}.Debug|Any CPU.ActiveCfg = Debug|Any CPU
		{DCBFA5A9-93EA-CF77-D8FE-16D94DE5DA1A}.Debug|Any CPU.Build.0 = Debug|Any CPU
		{DCBFA5A9-93EA-CF77-D8FE-16D94DE5DA1A}.Release|Any CPU.ActiveCfg = Release|Any CPU
		{DCBFA5A9-93EA-CF77-D8FE-16D94DE5DA1A}.Release|Any CPU.Build.0 = Release|Any CPU
	EndGlobalSection
	GlobalSection(SolutionProperties) = preSolution
		HideSolutionNode = FALSE
	EndGlobalSection
	GlobalSection(ExtensibilityGlobals) = postSolution
		SolutionGuid = {C1A4D144-AE15-44E3-A00C-D865881A67CE}
	EndGlobalSection
EndGlobal
